// !$*UTF8*$!
{
	archiveVersion = 1;
	classes = {
	};
	objectVersion = 46;
	objects = {

/* Begin PBXBuildFile section */
		0F852C771CF0660C00C640B6 /* Contact.swift in Sources */ = {isa = PBXBuildFile; fileRef = 0F852C761CF0660C00C640B6 /* Contact.swift */; };
		0F852C791CF0686E00C640B6 /* Global.swift in Sources */ = {isa = PBXBuildFile; fileRef = 0F852C781CF0686E00C640B6 /* Global.swift */; };
		5922587B1CE648D20028EED1 /* AppDelegate.swift in Sources */ = {isa = PBXBuildFile; fileRef = 5922587A1CE648D20028EED1 /* AppDelegate.swift */; };
		592258801CE648D20028EED1 /* Main.storyboard in Resources */ = {isa = PBXBuildFile; fileRef = 5922587E1CE648D20028EED1 /* Main.storyboard */; };
		592258821CE648D20028EED1 /* Assets.xcassets in Resources */ = {isa = PBXBuildFile; fileRef = 592258811CE648D20028EED1 /* Assets.xcassets */; };
		592258851CE648D20028EED1 /* LaunchScreen.storyboard in Resources */ = {isa = PBXBuildFile; fileRef = 592258831CE648D20028EED1 /* LaunchScreen.storyboard */; };
		592258901CE648D20028EED1 /* NeverLostTests.swift in Sources */ = {isa = PBXBuildFile; fileRef = 5922588F1CE648D20028EED1 /* NeverLostTests.swift */; };
		5922589B1CE648D20028EED1 /* NeverLostUITests.swift in Sources */ = {isa = PBXBuildFile; fileRef = 5922589A1CE648D20028EED1 /* NeverLostUITests.swift */; };
		596497D31CFB5A1500D33A97 /* PusherService.swift in Sources */ = {isa = PBXBuildFile; fileRef = 596497D21CFB5A1500D33A97 /* PusherService.swift */; };
		596497D71CFB818A00D33A97 /* Pin.swift in Sources */ = {isa = PBXBuildFile; fileRef = 596497D61CFB818A00D33A97 /* Pin.swift */; };
		596497D91CFB819600D33A97 /* PinView.swift in Sources */ = {isa = PBXBuildFile; fileRef = 596497D81CFB819600D33A97 /* PinView.swift */; };
		59BCA1981CE8A0800080C894 /* MapKit.framework in Frameworks */ = {isa = PBXBuildFile; fileRef = 59BCA1971CE8A0800080C894 /* MapKit.framework */; };
		59BCA1A21CE8F5BD0080C894 /* centeronme.png in Resources */ = {isa = PBXBuildFile; fileRef = 59BCA19E1CE8F5BD0080C894 /* centeronme.png */; };
		59BCA1A31CE8F5BD0080C894 /* contacts.png in Resources */ = {isa = PBXBuildFile; fileRef = 59BCA19F1CE8F5BD0080C894 /* contacts.png */; };
		59BCA1A41CE8F5BD0080C894 /* logout.png in Resources */ = {isa = PBXBuildFile; fileRef = 59BCA1A01CE8F5BD0080C894 /* logout.png */; };
		59BCA1A51CE8F5BD0080C894 /* profile.png in Resources */ = {isa = PBXBuildFile; fileRef = 59BCA1A11CE8F5BD0080C894 /* profile.png */; };
		59FE72DE1CE75C2600036D07 /* StartController.swift in Sources */ = {isa = PBXBuildFile; fileRef = 59FE72DD1CE75C2600036D07 /* StartController.swift */; };
		59FE72E01CE75C3E00036D07 /* LoginController.swift in Sources */ = {isa = PBXBuildFile; fileRef = 59FE72DF1CE75C3E00036D07 /* LoginController.swift */; };
		59FE72E21CE75C4B00036D07 /* RegisterController.swift in Sources */ = {isa = PBXBuildFile; fileRef = 59FE72E11CE75C4B00036D07 /* RegisterController.swift */; };
		59FE72E51CE75C5F00036D07 /* Utils.swift in Sources */ = {isa = PBXBuildFile; fileRef = 59FE72E41CE75C5F00036D07 /* Utils.swift */; };
		59FE72E71CE75C7900036D07 /* Extension_UIViewController.swift in Sources */ = {isa = PBXBuildFile; fileRef = 59FE72E61CE75C7900036D07 /* Extension_UIViewController.swift */; };
		59FE72E91CE76BC000036D07 /* loading_wolf.gif in Resources */ = {isa = PBXBuildFile; fileRef = 59FE72E81CE76BC000036D07 /* loading_wolf.gif */; };
		59FE72EB1CE76C9700036D07 /* MapController.swift in Sources */ = {isa = PBXBuildFile; fileRef = 59FE72EA1CE76C9700036D07 /* MapController.swift */; };
		B4A7E9BA0A6C6D539D90D599 /* Pods_NeverLost.framework in Frameworks */ = {isa = PBXBuildFile; fileRef = 01366F5086DA104A294FE267 /* Pods_NeverLost.framework */; };
/* End PBXBuildFile section */

/* Begin PBXContainerItemProxy section */
		5922588C1CE648D20028EED1 /* PBXContainerItemProxy */ = {
			isa = PBXContainerItemProxy;
			containerPortal = 5922586F1CE648D20028EED1 /* Project object */;
			proxyType = 1;
			remoteGlobalIDString = 592258761CE648D20028EED1;
			remoteInfo = NeverLost;
		};
		592258971CE648D20028EED1 /* PBXContainerItemProxy */ = {
			isa = PBXContainerItemProxy;
			containerPortal = 5922586F1CE648D20028EED1 /* Project object */;
			proxyType = 1;
			remoteGlobalIDString = 592258761CE648D20028EED1;
			remoteInfo = NeverLost;
		};
/* End PBXContainerItemProxy section */

/* Begin PBXFileReference section */
		01366F5086DA104A294FE267 /* Pods_NeverLost.framework */ = {isa = PBXFileReference; explicitFileType = wrapper.framework; includeInIndex = 0; path = Pods_NeverLost.framework; sourceTree = BUILT_PRODUCTS_DIR; };
		0F852C761CF0660C00C640B6 /* Contact.swift */ = {isa = PBXFileReference; fileEncoding = 4; lastKnownFileType = sourcecode.swift; path = Contact.swift; sourceTree = "<group>"; };
		0F852C781CF0686E00C640B6 /* Global.swift */ = {isa = PBXFileReference; fileEncoding = 4; lastKnownFileType = sourcecode.swift; path = Global.swift; sourceTree = "<group>"; };
		10B45C84E27D5F93176E499E /* Pods-NeverLost.debug.xcconfig */ = {isa = PBXFileReference; includeInIndex = 1; lastKnownFileType = text.xcconfig; name = "Pods-NeverLost.debug.xcconfig"; path = "Pods/Target Support Files/Pods-NeverLost/Pods-NeverLost.debug.xcconfig"; sourceTree = "<group>"; };
		3EEB754001671C6D8FF28C80 /* Pods-NeverLost.release.xcconfig */ = {isa = PBXFileReference; includeInIndex = 1; lastKnownFileType = text.xcconfig; name = "Pods-NeverLost.release.xcconfig"; path = "Pods/Target Support Files/Pods-NeverLost/Pods-NeverLost.release.xcconfig"; sourceTree = "<group>"; };
		592258771CE648D20028EED1 /* NeverLost.app */ = {isa = PBXFileReference; explicitFileType = wrapper.application; includeInIndex = 0; path = NeverLost.app; sourceTree = BUILT_PRODUCTS_DIR; };
		5922587A1CE648D20028EED1 /* AppDelegate.swift */ = {isa = PBXFileReference; lastKnownFileType = sourcecode.swift; path = AppDelegate.swift; sourceTree = "<group>"; };
		5922587F1CE648D20028EED1 /* Base */ = {isa = PBXFileReference; lastKnownFileType = file.storyboard; name = Base; path = Base.lproj/Main.storyboard; sourceTree = "<group>"; };
		592258811CE648D20028EED1 /* Assets.xcassets */ = {isa = PBXFileReference; lastKnownFileType = folder.assetcatalog; path = Assets.xcassets; sourceTree = "<group>"; };
		592258841CE648D20028EED1 /* Base */ = {isa = PBXFileReference; lastKnownFileType = file.storyboard; name = Base; path = Base.lproj/LaunchScreen.storyboard; sourceTree = "<group>"; };
		592258861CE648D20028EED1 /* Info.plist */ = {isa = PBXFileReference; lastKnownFileType = text.plist.xml; path = Info.plist; sourceTree = "<group>"; };
		5922588B1CE648D20028EED1 /* NeverLostTests.xctest */ = {isa = PBXFileReference; explicitFileType = wrapper.cfbundle; includeInIndex = 0; path = NeverLostTests.xctest; sourceTree = BUILT_PRODUCTS_DIR; };
		5922588F1CE648D20028EED1 /* NeverLostTests.swift */ = {isa = PBXFileReference; lastKnownFileType = sourcecode.swift; path = NeverLostTests.swift; sourceTree = "<group>"; };
		592258911CE648D20028EED1 /* Info.plist */ = {isa = PBXFileReference; lastKnownFileType = text.plist.xml; path = Info.plist; sourceTree = "<group>"; };
		592258961CE648D20028EED1 /* NeverLostUITests.xctest */ = {isa = PBXFileReference; explicitFileType = wrapper.cfbundle; includeInIndex = 0; path = NeverLostUITests.xctest; sourceTree = BUILT_PRODUCTS_DIR; };
		5922589A1CE648D20028EED1 /* NeverLostUITests.swift */ = {isa = PBXFileReference; lastKnownFileType = sourcecode.swift; path = NeverLostUITests.swift; sourceTree = "<group>"; };
		5922589C1CE648D20028EED1 /* Info.plist */ = {isa = PBXFileReference; lastKnownFileType = text.plist.xml; path = Info.plist; sourceTree = "<group>"; };
		596497D21CFB5A1500D33A97 /* PusherService.swift */ = {isa = PBXFileReference; fileEncoding = 4; lastKnownFileType = sourcecode.swift; path = PusherService.swift; sourceTree = "<group>"; };
		596497D61CFB818A00D33A97 /* Pin.swift */ = {isa = PBXFileReference; fileEncoding = 4; lastKnownFileType = sourcecode.swift; path = Pin.swift; sourceTree = "<group>"; };
		596497D81CFB819600D33A97 /* PinView.swift */ = {isa = PBXFileReference; fileEncoding = 4; lastKnownFileType = sourcecode.swift; path = PinView.swift; sourceTree = "<group>"; };
		59BCA1971CE8A0800080C894 /* MapKit.framework */ = {isa = PBXFileReference; lastKnownFileType = wrapper.framework; name = MapKit.framework; path = System/Library/Frameworks/MapKit.framework; sourceTree = SDKROOT; };
		59BCA19E1CE8F5BD0080C894 /* centeronme.png */ = {isa = PBXFileReference; lastKnownFileType = image.png; path = centeronme.png; sourceTree = "<group>"; };
		59BCA19F1CE8F5BD0080C894 /* contacts.png */ = {isa = PBXFileReference; lastKnownFileType = image.png; path = contacts.png; sourceTree = "<group>"; };
		59BCA1A01CE8F5BD0080C894 /* logout.png */ = {isa = PBXFileReference; lastKnownFileType = image.png; path = logout.png; sourceTree = "<group>"; };
		59BCA1A11CE8F5BD0080C894 /* profile.png */ = {isa = PBXFileReference; lastKnownFileType = image.png; path = profile.png; sourceTree = "<group>"; };
		59FE72DD1CE75C2600036D07 /* StartController.swift */ = {isa = PBXFileReference; fileEncoding = 4; lastKnownFileType = sourcecode.swift; path = StartController.swift; sourceTree = "<group>"; };
		59FE72DF1CE75C3E00036D07 /* LoginController.swift */ = {isa = PBXFileReference; fileEncoding = 4; lastKnownFileType = sourcecode.swift; path = LoginController.swift; sourceTree = "<group>"; };
		59FE72E11CE75C4B00036D07 /* RegisterController.swift */ = {isa = PBXFileReference; fileEncoding = 4; lastKnownFileType = sourcecode.swift; path = RegisterController.swift; sourceTree = "<group>"; };
		59FE72E41CE75C5F00036D07 /* Utils.swift */ = {isa = PBXFileReference; fileEncoding = 4; lastKnownFileType = sourcecode.swift; path = Utils.swift; sourceTree = "<group>"; };
		59FE72E61CE75C7900036D07 /* Extension_UIViewController.swift */ = {isa = PBXFileReference; fileEncoding = 4; lastKnownFileType = sourcecode.swift; path = Extension_UIViewController.swift; sourceTree = "<group>"; };
		59FE72E81CE76BC000036D07 /* loading_wolf.gif */ = {isa = PBXFileReference; lastKnownFileType = image.gif; path = loading_wolf.gif; sourceTree = "<group>"; };
		59FE72EA1CE76C9700036D07 /* MapController.swift */ = {isa = PBXFileReference; fileEncoding = 4; lastKnownFileType = sourcecode.swift; path = MapController.swift; sourceTree = "<group>"; };
/* End PBXFileReference section */

/* Begin PBXFrameworksBuildPhase section */
		592258741CE648D20028EED1 /* Frameworks */ = {
			isa = PBXFrameworksBuildPhase;
			buildActionMask = 2147483647;
			files = (
				59BCA1981CE8A0800080C894 /* MapKit.framework in Frameworks */,
				B4A7E9BA0A6C6D539D90D599 /* Pods_NeverLost.framework in Frameworks */,
			);
			runOnlyForDeploymentPostprocessing = 0;
		};
		592258881CE648D20028EED1 /* Frameworks */ = {
			isa = PBXFrameworksBuildPhase;
			buildActionMask = 2147483647;
			files = (
			);
			runOnlyForDeploymentPostprocessing = 0;
		};
		592258931CE648D20028EED1 /* Frameworks */ = {
			isa = PBXFrameworksBuildPhase;
			buildActionMask = 2147483647;
			files = (
			);
			runOnlyForDeploymentPostprocessing = 0;
		};
/* End PBXFrameworksBuildPhase section */

/* Begin PBXGroup section */
		0F852C751CF065ED00C640B6 /* Models */ = {
			isa = PBXGroup;
			children = (
				0F852C761CF0660C00C640B6 /* Contact.swift */,
				596497D61CFB818A00D33A97 /* Pin.swift */,
				596497D81CFB819600D33A97 /* PinView.swift */,
			);
			name = Models;
			sourceTree = "<group>";
		};
		5922586E1CE648D20028EED1 = {
			isa = PBXGroup;
			children = (
				59BCA1971CE8A0800080C894 /* MapKit.framework */,
				592258791CE648D20028EED1 /* NeverLost */,
				5922588E1CE648D20028EED1 /* NeverLostTests */,
				592258991CE648D20028EED1 /* NeverLostUITests */,
				592258781CE648D20028EED1 /* Products */,
				73414C5889AE0310CE0E551A /* Pods */,
				F81FFA14EDF988FC7FDC50AB /* Frameworks */,
			);
			sourceTree = "<group>";
		};
		592258781CE648D20028EED1 /* Products */ = {
			isa = PBXGroup;
			children = (
				592258771CE648D20028EED1 /* NeverLost.app */,
				5922588B1CE648D20028EED1 /* NeverLostTests.xctest */,
				592258961CE648D20028EED1 /* NeverLostUITests.xctest */,
			);
			name = Products;
			sourceTree = "<group>";
		};
		592258791CE648D20028EED1 /* NeverLost */ = {
			isa = PBXGroup;
			children = (
				0F852C751CF065ED00C640B6 /* Models */,
				59BCA19D1CE8F3870080C894 /* Images */,
				59FE72E31CE75C5000036D07 /* Library */,
				5922587A1CE648D20028EED1 /* AppDelegate.swift */,
				5922587E1CE648D20028EED1 /* Main.storyboard */,
				592258811CE648D20028EED1 /* Assets.xcassets */,
				592258831CE648D20028EED1 /* LaunchScreen.storyboard */,
				592258861CE648D20028EED1 /* Info.plist */,
				59FE72DD1CE75C2600036D07 /* StartController.swift */,
				59FE72DF1CE75C3E00036D07 /* LoginController.swift */,
				59FE72E11CE75C4B00036D07 /* RegisterController.swift */,
				59FE72EA1CE76C9700036D07 /* MapController.swift */,
			);
			path = NeverLost;
			sourceTree = "<group>";
		};
		5922588E1CE648D20028EED1 /* NeverLostTests */ = {
			isa = PBXGroup;
			children = (
				5922588F1CE648D20028EED1 /* NeverLostTests.swift */,
				592258911CE648D20028EED1 /* Info.plist */,
			);
			path = NeverLostTests;
			sourceTree = "<group>";
		};
		592258991CE648D20028EED1 /* NeverLostUITests */ = {
			isa = PBXGroup;
			children = (
				5922589A1CE648D20028EED1 /* NeverLostUITests.swift */,
				5922589C1CE648D20028EED1 /* Info.plist */,
			);
			path = NeverLostUITests;
			sourceTree = "<group>";
		};
		59BCA19D1CE8F3870080C894 /* Images */ = {
			isa = PBXGroup;
			children = (
				59BCA19E1CE8F5BD0080C894 /* centeronme.png */,
				59BCA19F1CE8F5BD0080C894 /* contacts.png */,
				59BCA1A01CE8F5BD0080C894 /* logout.png */,
				59BCA1A11CE8F5BD0080C894 /* profile.png */,
				59FE72E81CE76BC000036D07 /* loading_wolf.gif */,
			);
			name = Images;
			sourceTree = "<group>";
		};
		59FE72E31CE75C5000036D07 /* Library */ = {
			isa = PBXGroup;
			children = (
				59FE72E41CE75C5F00036D07 /* Utils.swift */,
				59FE72E61CE75C7900036D07 /* Extension_UIViewController.swift */,
				0F852C781CF0686E00C640B6 /* Global.swift */,
				596497D21CFB5A1500D33A97 /* PusherService.swift */,
			);
			name = Library;
			sourceTree = "<group>";
		};
		73414C5889AE0310CE0E551A /* Pods */ = {
			isa = PBXGroup;
			children = (
				10B45C84E27D5F93176E499E /* Pods-NeverLost.debug.xcconfig */,
				3EEB754001671C6D8FF28C80 /* Pods-NeverLost.release.xcconfig */,
			);
			name = Pods;
			sourceTree = "<group>";
		};
		F81FFA14EDF988FC7FDC50AB /* Frameworks */ = {
			isa = PBXGroup;
			children = (
				01366F5086DA104A294FE267 /* Pods_NeverLost.framework */,
			);
			name = Frameworks;
			sourceTree = "<group>";
		};
/* End PBXGroup section */

/* Begin PBXNativeTarget section */
		592258761CE648D20028EED1 /* NeverLost */ = {
			isa = PBXNativeTarget;
			buildConfigurationList = 5922589F1CE648D20028EED1 /* Build configuration list for PBXNativeTarget "NeverLost" */;
			buildPhases = (
				5812AE7284240DF4F1704A4F /* 📦 Check Pods Manifest.lock */,
				592258731CE648D20028EED1 /* Sources */,
				592258741CE648D20028EED1 /* Frameworks */,
				592258751CE648D20028EED1 /* Resources */,
				059B1C159A3AF0953496DF94 /* 📦 Embed Pods Frameworks */,
				1AB444BBF4C7AFCE3262CE88 /* 📦 Copy Pods Resources */,
			);
			buildRules = (
			);
			dependencies = (
			);
			name = NeverLost;
			productName = NeverLost;
			productReference = 592258771CE648D20028EED1 /* NeverLost.app */;
			productType = "com.apple.product-type.application";
		};
		5922588A1CE648D20028EED1 /* NeverLostTests */ = {
			isa = PBXNativeTarget;
			buildConfigurationList = 592258A21CE648D20028EED1 /* Build configuration list for PBXNativeTarget "NeverLostTests" */;
			buildPhases = (
				592258871CE648D20028EED1 /* Sources */,
				592258881CE648D20028EED1 /* Frameworks */,
				592258891CE648D20028EED1 /* Resources */,
			);
			buildRules = (
			);
			dependencies = (
				5922588D1CE648D20028EED1 /* PBXTargetDependency */,
			);
			name = NeverLostTests;
			productName = NeverLostTests;
			productReference = 5922588B1CE648D20028EED1 /* NeverLostTests.xctest */;
			productType = "com.apple.product-type.bundle.unit-test";
		};
		592258951CE648D20028EED1 /* NeverLostUITests */ = {
			isa = PBXNativeTarget;
			buildConfigurationList = 592258A51CE648D20028EED1 /* Build configuration list for PBXNativeTarget "NeverLostUITests" */;
			buildPhases = (
				592258921CE648D20028EED1 /* Sources */,
				592258931CE648D20028EED1 /* Frameworks */,
				592258941CE648D20028EED1 /* Resources */,
			);
			buildRules = (
			);
			dependencies = (
				592258981CE648D20028EED1 /* PBXTargetDependency */,
			);
			name = NeverLostUITests;
			productName = NeverLostUITests;
			productReference = 592258961CE648D20028EED1 /* NeverLostUITests.xctest */;
			productType = "com.apple.product-type.bundle.ui-testing";
		};
/* End PBXNativeTarget section */

/* Begin PBXProject section */
		5922586F1CE648D20028EED1 /* Project object */ = {
			isa = PBXProject;
			attributes = {
				LastSwiftUpdateCheck = 0720;
				LastUpgradeCheck = 0720;
				ORGANIZATIONNAME = "Milan Antonijevic";
				TargetAttributes = {
					592258761CE648D20028EED1 = {
						CreatedOnToolsVersion = 7.2.1;
					};
					5922588A1CE648D20028EED1 = {
						CreatedOnToolsVersion = 7.2.1;
						TestTargetID = 592258761CE648D20028EED1;
					};
					592258951CE648D20028EED1 = {
						CreatedOnToolsVersion = 7.2.1;
						TestTargetID = 592258761CE648D20028EED1;
					};
				};
			};
			buildConfigurationList = 592258721CE648D20028EED1 /* Build configuration list for PBXProject "NeverLost" */;
			compatibilityVersion = "Xcode 3.2";
			developmentRegion = English;
			hasScannedForEncodings = 0;
			knownRegions = (
				en,
				Base,
			);
			mainGroup = 5922586E1CE648D20028EED1;
			productRefGroup = 592258781CE648D20028EED1 /* Products */;
			projectDirPath = "";
			projectRoot = "";
			targets = (
				592258761CE648D20028EED1 /* NeverLost */,
				5922588A1CE648D20028EED1 /* NeverLostTests */,
				592258951CE648D20028EED1 /* NeverLostUITests */,
			);
		};
/* End PBXProject section */

/* Begin PBXResourcesBuildPhase section */
		592258751CE648D20028EED1 /* Resources */ = {
			isa = PBXResourcesBuildPhase;
			buildActionMask = 2147483647;
			files = (
				59BCA1A31CE8F5BD0080C894 /* contacts.png in Resources */,
				592258851CE648D20028EED1 /* LaunchScreen.storyboard in Resources */,
				59FE72E91CE76BC000036D07 /* loading_wolf.gif in Resources */,
				592258821CE648D20028EED1 /* Assets.xcassets in Resources */,
				59BCA1A41CE8F5BD0080C894 /* logout.png in Resources */,
				592258801CE648D20028EED1 /* Main.storyboard in Resources */,
				59BCA1A21CE8F5BD0080C894 /* centeronme.png in Resources */,
				59BCA1A51CE8F5BD0080C894 /* profile.png in Resources */,
			);
			runOnlyForDeploymentPostprocessing = 0;
		};
		592258891CE648D20028EED1 /* Resources */ = {
			isa = PBXResourcesBuildPhase;
			buildActionMask = 2147483647;
			files = (
			);
			runOnlyForDeploymentPostprocessing = 0;
		};
		592258941CE648D20028EED1 /* Resources */ = {
			isa = PBXResourcesBuildPhase;
			buildActionMask = 2147483647;
			files = (
			);
			runOnlyForDeploymentPostprocessing = 0;
		};
/* End PBXResourcesBuildPhase section */

/* Begin PBXShellScriptBuildPhase section */
		059B1C159A3AF0953496DF94 /* 📦 Embed Pods Frameworks */ = {
			isa = PBXShellScriptBuildPhase;
			buildActionMask = 2147483647;
			files = (
			);
			inputPaths = (
			);
			name = "📦 Embed Pods Frameworks";
			outputPaths = (
			);
			runOnlyForDeploymentPostprocessing = 0;
			shellPath = /bin/sh;
			shellScript = "\"${SRCROOT}/Pods/Target Support Files/Pods-NeverLost/Pods-NeverLost-frameworks.sh\"\n";
			showEnvVarsInLog = 0;
		};
		1AB444BBF4C7AFCE3262CE88 /* 📦 Copy Pods Resources */ = {
			isa = PBXShellScriptBuildPhase;
			buildActionMask = 2147483647;
			files = (
			);
			inputPaths = (
			);
			name = "📦 Copy Pods Resources";
			outputPaths = (
			);
			runOnlyForDeploymentPostprocessing = 0;
			shellPath = /bin/sh;
			shellScript = "\"${SRCROOT}/Pods/Target Support Files/Pods-NeverLost/Pods-NeverLost-resources.sh\"\n";
			showEnvVarsInLog = 0;
		};
		5812AE7284240DF4F1704A4F /* 📦 Check Pods Manifest.lock */ = {
			isa = PBXShellScriptBuildPhase;
			buildActionMask = 2147483647;
			files = (
			);
			inputPaths = (
			);
			name = "📦 Check Pods Manifest.lock";
			outputPaths = (
			);
			runOnlyForDeploymentPostprocessing = 0;
			shellPath = /bin/sh;
			shellScript = "diff \"${PODS_ROOT}/../Podfile.lock\" \"${PODS_ROOT}/Manifest.lock\" > /dev/null\nif [[ $? != 0 ]] ; then\n    cat << EOM\nerror: The sandbox is not in sync with the Podfile.lock. Run 'pod install' or update your CocoaPods installation.\nEOM\n    exit 1\nfi\n";
			showEnvVarsInLog = 0;
		};
/* End PBXShellScriptBuildPhase section */

/* Begin PBXSourcesBuildPhase section */
		592258731CE648D20028EED1 /* Sources */ = {
			isa = PBXSourcesBuildPhase;
			buildActionMask = 2147483647;
			files = (
				596497D31CFB5A1500D33A97 /* PusherService.swift in Sources */,
				596497D71CFB818A00D33A97 /* Pin.swift in Sources */,
				596497D91CFB819600D33A97 /* PinView.swift in Sources */,
				0F852C771CF0660C00C640B6 /* Contact.swift in Sources */,
				59FE72EB1CE76C9700036D07 /* MapController.swift in Sources */,
				59FE72E21CE75C4B00036D07 /* RegisterController.swift in Sources */,
				59FE72E01CE75C3E00036D07 /* LoginController.swift in Sources */,
				5922587B1CE648D20028EED1 /* AppDelegate.swift in Sources */,
				59FE72DE1CE75C2600036D07 /* StartController.swift in Sources */,
				59FE72E51CE75C5F00036D07 /* Utils.swift in Sources */,
				0F852C791CF0686E00C640B6 /* Global.swift in Sources */,
				59FE72E71CE75C7900036D07 /* Extension_UIViewController.swift in Sources */,
			);
			runOnlyForDeploymentPostprocessing = 0;
		};
		592258871CE648D20028EED1 /* Sources */ = {
			isa = PBXSourcesBuildPhase;
			buildActionMask = 2147483647;
			files = (
				592258901CE648D20028EED1 /* NeverLostTests.swift in Sources */,
			);
			runOnlyForDeploymentPostprocessing = 0;
		};
		592258921CE648D20028EED1 /* Sources */ = {
			isa = PBXSourcesBuildPhase;
			buildActionMask = 2147483647;
			files = (
				5922589B1CE648D20028EED1 /* NeverLostUITests.swift in Sources */,
			);
			runOnlyForDeploymentPostprocessing = 0;
		};
/* End PBXSourcesBuildPhase section */

/* Begin PBXTargetDependency section */
		5922588D1CE648D20028EED1 /* PBXTargetDependency */ = {
			isa = PBXTargetDependency;
			target = 592258761CE648D20028EED1 /* NeverLost */;
			targetProxy = 5922588C1CE648D20028EED1 /* PBXContainerItemProxy */;
		};
		592258981CE648D20028EED1 /* PBXTargetDependency */ = {
			isa = PBXTargetDependency;
			target = 592258761CE648D20028EED1 /* NeverLost */;
			targetProxy = 592258971CE648D20028EED1 /* PBXContainerItemProxy */;
		};
/* End PBXTargetDependency section */

/* Begin PBXVariantGroup section */
		5922587E1CE648D20028EED1 /* Main.storyboard */ = {
			isa = PBXVariantGroup;
			children = (
				5922587F1CE648D20028EED1 /* Base */,
			);
			name = Main.storyboard;
			sourceTree = "<group>";
		};
		592258831CE648D20028EED1 /* LaunchScreen.storyboard */ = {
			isa = PBXVariantGroup;
			children = (
				592258841CE648D20028EED1 /* Base */,
			);
			name = LaunchScreen.storyboard;
			sourceTree = "<group>";
		};
/* End PBXVariantGroup section */

/* Begin XCBuildConfiguration section */
		5922589D1CE648D20028EED1 /* Debug */ = {
			isa = XCBuildConfiguration;
			buildSettings = {
				ALWAYS_SEARCH_USER_PATHS = NO;
				CLANG_CXX_LANGUAGE_STANDARD = "gnu++0x";
				CLANG_CXX_LIBRARY = "libc++";
				CLANG_ENABLE_MODULES = YES;
				CLANG_ENABLE_OBJC_ARC = YES;
				CLANG_WARN_BOOL_CONVERSION = YES;
				CLANG_WARN_CONSTANT_CONVERSION = YES;
				CLANG_WARN_DIRECT_OBJC_ISA_USAGE = YES_ERROR;
				CLANG_WARN_EMPTY_BODY = YES;
				CLANG_WARN_ENUM_CONVERSION = YES;
				CLANG_WARN_INT_CONVERSION = YES;
				CLANG_WARN_OBJC_ROOT_CLASS = YES_ERROR;
				CLANG_WARN_UNREACHABLE_CODE = YES;
				CLANG_WARN__DUPLICATE_METHOD_MATCH = YES;
				"CODE_SIGN_IDENTITY[sdk=iphoneos*]" = "iPhone Developer";
				COPY_PHASE_STRIP = NO;
				DEBUG_INFORMATION_FORMAT = dwarf;
				ENABLE_STRICT_OBJC_MSGSEND = YES;
				ENABLE_TESTABILITY = YES;
				GCC_C_LANGUAGE_STANDARD = gnu99;
				GCC_DYNAMIC_NO_PIC = NO;
				GCC_NO_COMMON_BLOCKS = YES;
				GCC_OPTIMIZATION_LEVEL = 0;
				GCC_PREPROCESSOR_DEFINITIONS = (
					"DEBUG=1",
					"$(inherited)",
				);
				GCC_WARN_64_TO_32_BIT_CONVERSION = YES;
				GCC_WARN_ABOUT_RETURN_TYPE = YES_ERROR;
				GCC_WARN_UNDECLARED_SELECTOR = YES;
				GCC_WARN_UNINITIALIZED_AUTOS = YES_AGGRESSIVE;
				GCC_WARN_UNUSED_FUNCTION = YES;
				GCC_WARN_UNUSED_VARIABLE = YES;
				IPHONEOS_DEPLOYMENT_TARGET = 9.2;
				MTL_ENABLE_DEBUG_INFO = YES;
				ONLY_ACTIVE_ARCH = YES;
				SDKROOT = iphoneos;
				SWIFT_OPTIMIZATION_LEVEL = "-Onone";
				TARGETED_DEVICE_FAMILY = "1,2";
			};
			name = Debug;
		};
		5922589E1CE648D20028EED1 /* Release */ = {
			isa = XCBuildConfiguration;
			buildSettings = {
				ALWAYS_SEARCH_USER_PATHS = NO;
				CLANG_CXX_LANGUAGE_STANDARD = "gnu++0x";
				CLANG_CXX_LIBRARY = "libc++";
				CLANG_ENABLE_MODULES = YES;
				CLANG_ENABLE_OBJC_ARC = YES;
				CLANG_WARN_BOOL_CONVERSION = YES;
				CLANG_WARN_CONSTANT_CONVERSION = YES;
				CLANG_WARN_DIRECT_OBJC_ISA_USAGE = YES_ERROR;
				CLANG_WARN_EMPTY_BODY = YES;
				CLANG_WARN_ENUM_CONVERSION = YES;
				CLANG_WARN_INT_CONVERSION = YES;
				CLANG_WARN_OBJC_ROOT_CLASS = YES_ERROR;
				CLANG_WARN_UNREACHABLE_CODE = YES;
				CLANG_WARN__DUPLICATE_METHOD_MATCH = YES;
				"CODE_SIGN_IDENTITY[sdk=iphoneos*]" = "iPhone Developer";
				COPY_PHASE_STRIP = NO;
				DEBUG_INFORMATION_FORMAT = "dwarf-with-dsym";
				ENABLE_NS_ASSERTIONS = NO;
				ENABLE_STRICT_OBJC_MSGSEND = YES;
				GCC_C_LANGUAGE_STANDARD = gnu99;
				GCC_NO_COMMON_BLOCKS = YES;
				GCC_WARN_64_TO_32_BIT_CONVERSION = YES;
				GCC_WARN_ABOUT_RETURN_TYPE = YES_ERROR;
				GCC_WARN_UNDECLARED_SELECTOR = YES;
				GCC_WARN_UNINITIALIZED_AUTOS = YES_AGGRESSIVE;
				GCC_WARN_UNUSED_FUNCTION = YES;
				GCC_WARN_UNUSED_VARIABLE = YES;
				IPHONEOS_DEPLOYMENT_TARGET = 9.2;
				MTL_ENABLE_DEBUG_INFO = NO;
				SDKROOT = iphoneos;
				TARGETED_DEVICE_FAMILY = "1,2";
				VALIDATE_PRODUCT = YES;
			};
			name = Release;
		};
		592258A01CE648D20028EED1 /* Debug */ = {
			isa = XCBuildConfiguration;
			baseConfigurationReference = 10B45C84E27D5F93176E499E /* Pods-NeverLost.debug.xcconfig */;
			buildSettings = {
				ASSETCATALOG_COMPILER_APPICON_NAME = AppIcon;
				INFOPLIST_FILE = NeverLost/Info.plist;
				IPHONEOS_DEPLOYMENT_TARGET = 9.2;
				LD_RUNPATH_SEARCH_PATHS = "$(inherited) @executable_path/Frameworks";
				PRODUCT_BUNDLE_IDENTIFIER = Niezashto.NeverLost;
				PRODUCT_NAME = "$(TARGET_NAME)";
			};
			name = Debug;
		};
		592258A11CE648D20028EED1 /* Release */ = {
			isa = XCBuildConfiguration;
			baseConfigurationReference = 3EEB754001671C6D8FF28C80 /* Pods-NeverLost.release.xcconfig */;
			buildSettings = {
				ASSETCATALOG_COMPILER_APPICON_NAME = AppIcon;
				INFOPLIST_FILE = NeverLost/Info.plist;
				IPHONEOS_DEPLOYMENT_TARGET = 9.2;
				LD_RUNPATH_SEARCH_PATHS = "$(inherited) @executable_path/Frameworks";
				PRODUCT_BUNDLE_IDENTIFIER = Niezashto.NeverLost;
				PRODUCT_NAME = "$(TARGET_NAME)";
			};
			name = Release;
		};
		592258A31CE648D20028EED1 /* Debug */ = {
			isa = XCBuildConfiguration;
			buildSettings = {
				BUNDLE_LOADER = "$(TEST_HOST)";
				INFOPLIST_FILE = NeverLostTests/Info.plist;
				LD_RUNPATH_SEARCH_PATHS = "$(inherited) @executable_path/Frameworks @loader_path/Frameworks";
				PRODUCT_BUNDLE_IDENTIFIER = Niezashto.NeverLostTests;
				PRODUCT_NAME = "$(TARGET_NAME)";
				TEST_HOST = "$(BUILT_PRODUCTS_DIR)/NeverLost.app/NeverLost";
			};
			name = Debug;
		};
		592258A41CE648D20028EED1 /* Release */ = {
			isa = XCBuildConfiguration;
			buildSettings = {
				BUNDLE_LOADER = "$(TEST_HOST)";
				INFOPLIST_FILE = NeverLostTests/Info.plist;
				LD_RUNPATH_SEARCH_PATHS = "$(inherited) @executable_path/Frameworks @loader_path/Frameworks";
				PRODUCT_BUNDLE_IDENTIFIER = Niezashto.NeverLostTests;
				PRODUCT_NAME = "$(TARGET_NAME)";
				TEST_HOST = "$(BUILT_PRODUCTS_DIR)/NeverLost.app/NeverLost";
			};
			name = Release;
		};
		592258A61CE648D20028EED1 /* Debug */ = {
			isa = XCBuildConfiguration;
			buildSettings = {
				CODE_SIGN_ENTITLEMENTS = "";
				INFOPLIST_FILE = NeverLostUITests/Info.plist;
				LD_RUNPATH_SEARCH_PATHS = "$(inherited) @executable_path/Frameworks @loader_path/Frameworks";
				PRODUCT_BUNDLE_IDENTIFIER = Niezashto.NeverLostUITests;
				PRODUCT_NAME = "$(TARGET_NAME)";
				TEST_TARGET_NAME = NeverLost;
				USES_XCTRUNNER = YES;
			};
			name = Debug;
		};
		592258A71CE648D20028EED1 /* Release */ = {
			isa = XCBuildConfiguration;
			buildSettings = {
				CODE_SIGN_ENTITLEMENTS = "";
				INFOPLIST_FILE = NeverLostUITests/Info.plist;
				LD_RUNPATH_SEARCH_PATHS = "$(inherited) @executable_path/Frameworks @loader_path/Frameworks";
				PRODUCT_BUNDLE_IDENTIFIER = Niezashto.NeverLostUITests;
				PRODUCT_NAME = "$(TARGET_NAME)";
				TEST_TARGET_NAME = NeverLost;
				USES_XCTRUNNER = YES;
			};
			name = Release;
		};
/* End XCBuildConfiguration section */

/* Begin XCConfigurationList section */
		592258721CE648D20028EED1 /* Build configuration list for PBXProject "NeverLost" */ = {
			isa = XCConfigurationList;
			buildConfigurations = (
				5922589D1CE648D20028EED1 /* Debug */,
				5922589E1CE648D20028EED1 /* Release */,
			);
			defaultConfigurationIsVisible = 0;
			defaultConfigurationName = Release;
		};
		5922589F1CE648D20028EED1 /* Build configuration list for PBXNativeTarget "NeverLost" */ = {
			isa = XCConfigurationList;
			buildConfigurations = (
				592258A01CE648D20028EED1 /* Debug */,
				592258A11CE648D20028EED1 /* Release */,
			);
			defaultConfigurationIsVisible = 0;
			defaultConfigurationName = Release;
		};
		592258A21CE648D20028EED1 /* Build configuration list for PBXNativeTarget "NeverLostTests" */ = {
			isa = XCConfigurationList;
			buildConfigurations = (
				592258A31CE648D20028EED1 /* Debug */,
				592258A41CE648D20028EED1 /* Release */,
			);
			defaultConfigurationIsVisible = 0;
			defaultConfigurationName = Release;
		};
		592258A51CE648D20028EED1 /* Build configuration list for PBXNativeTarget "NeverLostUITests" */ = {
			isa = XCConfigurationList;
			buildConfigurations = (
				592258A61CE648D20028EED1 /* Debug */,
				592258A71CE648D20028EED1 /* Release */,
			);
			defaultConfigurationIsVisible = 0;
			defaultConfigurationName = Release;
		};
/* End XCConfigurationList section */
	};
	rootObject = 5922586F1CE648D20028EED1 /* Project object */;
}
